
Microsoft Visual Studio Solution File, Format Version 12.00
# Visual Studio Version 17
VisualStudioVersion = 17.10.35027.167
MinimumVisualStudioVersion = 10.0.40219.1
Project("{FAE04EC0-301F-11D3-BF4B-00C04F79EFBC}") = "Translator", "Translator\Translator.csproj", "{71D75223-E986-4104-B737-B6407DB84C87}"
EndProject
Global
	GlobalSection(SolutionConfigurationPlatforms) = preSolution
		Debug|Any CPU = Debug|Any CPU
		Release|Any CPU = Release|Any CPU
	EndGlobalSection
	GlobalSection(ProjectConfigurationPlatforms) = postSolution
		{71D75223-E986-4104-B737-B6407DB84C87}.Debug|Any CPU.ActiveCfg = Debug|Any CPU
		{71D75223-E986-4104-B737-B6407DB84C87}.Debug|Any CPU.Build.0 = Debug|Any CPU
		{71D75223-E986-4104-B737-B6407DB84C87}.Release|Any CPU.ActiveCfg = Release|Any CPU
		{71D75223-E986-4104-B737-B6407DB84C87}.Release|Any CPU.Build.0 = Release|Any CPU
	EndGlobalSection
	GlobalSection(SolutionProperties) = preSolution
		HideSolutionNode = FALSE
	EndGlobalSection
	GlobalSection(ExtensibilityGlobals) = postSolution
		SolutionGuid = {2A1FAD57-84F0-4D61-82DA-5DE1E55B9F3E}
	EndGlobalSection
EndGlobal
